<?xml version="1.0" encoding="utf-8"?>
<Project ToolsVersion="4.0" xmlns="http://schemas.microsoft.com/developer/msbuild/2003">
  <ItemGroup>
    <ClCompile Include="AnimationController.cpp" />
    <ClCompile Include="AnimationSpritePlayground.cpp" />
    <ClCompile Include="AnimationSystem.cpp" />
    <ClCompile Include="BackEnd.cpp" />
    <ClCompile Include="BloomEffect.cpp" />
    <ClCompile Include="Camera.cpp" />
    <ClCompile Include="CameraSystem.cpp" />
    <ClCompile Include="CanJump.cpp" />
    <ClCompile Include="DestroyTrigger.cpp" />
    <ClCompile Include="ECS.cpp" />
    <ClCompile Include="EffectManager.cpp" />
    <ClCompile Include="EnemyTrigger.cpp" />
    <ClCompile Include="FirstCreation.cpp" />
    <ClCompile Include="Framebuffer.cpp" />
    <ClCompile Include="Game.cpp" />
    <ClCompile Include="GrainEffect.cpp" />
    <ClCompile Include="GreyscaleEffect.cpp" />
    <ClCompile Include="HorizontalScroll.cpp" />
    <ClCompile Include="include\imgui\imgui.cpp" />
    <ClCompile Include="include\imgui\imgui_demo.cpp" />
    <ClCompile Include="include\imgui\imgui_draw.cpp" />
    <ClCompile Include="include\imgui\imgui_impl_opengl3.cpp" />
    <ClCompile Include="include\imgui\imgui_impl_sdl.cpp" />
    <ClCompile Include="include\imgui\imgui_widgets.cpp" />
    <ClCompile Include="Input.cpp" />
    <ClCompile Include="JSON.cpp" />
    <ClCompile Include="main.cpp" />
    <ClCompile Include="MainEntities.cpp" />
    <ClCompile Include="Matrix.cpp" />
    <ClCompile Include="PhysicsBody.cpp" />
    <ClCompile Include="CartCraze.cpp" />
    <ClCompile Include="CartCrazeListener.cpp" />
    <ClCompile Include="PhysicsSystem.cpp" />
    <ClCompile Include="PixelateEffect.cpp" />
    <ClCompile Include="Player.cpp" />
    <ClCompile Include="PostEffect.cpp" />
    <ClCompile Include="RenderingSystem.cpp" />
    <ClCompile Include="Scene.cpp" />
    <ClCompile Include="Selectable.cpp" />
    <ClCompile Include="SelectiveColorEffect.cpp" />
    <ClCompile Include="SepiaEffect.cpp" />
    <ClCompile Include="Shader.cpp" />
    <ClCompile Include="Sprite.cpp" />
    <ClCompile Include="Texture.cpp" />
    <ClCompile Include="TextureManager.cpp" />
    <ClCompile Include="Timer.cpp" />
    <ClCompile Include="Transform.cpp" />
    <ClCompile Include="TranslateTrigger.cpp" />
    <ClCompile Include="Trigger.cpp" />
    <ClCompile Include="UI.cpp" />
    <ClCompile Include="Utilities.cpp" />
    <ClCompile Include="Vector.cpp" />
    <ClCompile Include="VertexManager.cpp" />
    <ClCompile Include="VerticalScroll.cpp" />
    <ClCompile Include="VignetteEffect.cpp" />
    <ClCompile Include="Window.cpp" />
    <ClCompile Include="XInput.cpp" />
    <ClCompile Include="ReverseTrigger.cpp" />
  </ItemGroup>
  <ItemGroup>
    <ClInclude Include="AnimationController.h" />
    <ClInclude Include="AnimationSpritePlayground.h" />
    <ClInclude Include="AnimationSystem.h" />
    <ClInclude Include="BackEnd.h" />
    <ClInclude Include="BloomEffect.h" />
    <ClInclude Include="Camera.h" />
    <ClInclude Include="CameraSystem.h" />
    <ClInclude Include="CanJump.h" />
    <ClInclude Include="DestroyTrigger.h" />
    <ClInclude Include="ECS.h" />
    <ClInclude Include="EffectManager.h" />
    <ClInclude Include="EnemyTrigger.h" />
    <ClInclude Include="FirstCreation.h" />
    <ClInclude Include="Framebuffer.h" />
    <ClInclude Include="Game.h" />
    <ClInclude Include="GrainEffect.h" />
    <ClInclude Include="GreyscaleEffect.h" />
    <ClInclude Include="PlayerStats.h" />
    <ClInclude Include="HorizontalScroll.h" />
    <ClInclude Include="include\imgui\imconfig.h" />
    <ClInclude Include="include\imgui\imgui.h" />
    <ClInclude Include="include\imgui\imgui_impl_opengl3.h" />
    <ClInclude Include="include\imgui\imgui_impl_sdl.h" />
    <ClInclude Include="include\imgui\imgui_internal.h" />
    <ClInclude Include="include\imgui\imstb_rectpack.h" />
    <ClInclude Include="include\imgui\imstb_textedit.h" />
    <ClInclude Include="include\imgui\imstb_truetype.h" />
    <ClInclude Include="Input.h" />
    <ClInclude Include="JSON.h" />
    <ClInclude Include="MainEntities.h" />
    <ClInclude Include="Matrix.h" />
    <ClInclude Include="PhysicsBody.h" />
    <ClInclude Include="CartCraze.h" />
    <ClInclude Include="CartCrazeListener.h" />
    <ClInclude Include="PhysicsSystem.h" />
    <ClInclude Include="PixelateEffect.h" />
    <ClInclude Include="Player.h" />
    <ClInclude Include="PlayerFacing.h" />
    <ClInclude Include="PostEffect.h" />
    <ClInclude Include="ProjectileCollision.h" />
    <ClInclude Include="RenderingSystem.h" />
    <ClInclude Include="Scene.h" />
    <ClInclude Include="Scenes.h" />
    <ClInclude Include="Selectable.h" />
    <ClInclude Include="SelectiveColorEffect.h" />
    <ClInclude Include="SepiaEffect.h" />
    <ClInclude Include="Shader.h" />
    <ClInclude Include="Sprite.h" />
    <ClInclude Include="Texture.h" />
    <ClInclude Include="TextureManager.h" />
    <ClInclude Include="Timer.h" />
    <ClInclude Include="Transform.h" />
    <ClInclude Include="TranslateTrigger.h" />
    <ClInclude Include="Trigger.h" />
    <ClInclude Include="UI.h" />
    <ClInclude Include="Utilities.h" />
    <ClInclude Include="Vector.h" />
    <ClInclude Include="VertexManager.h" />
    <ClInclude Include="VerticalScroll.h" />
    <ClInclude Include="VignetteEffect.h" />
    <ClInclude Include="Window.h" />
    <ClInclude Include="Xinput.h" />
    <ClInclude Include="ReverseTrigger.h" />
  </ItemGroup>
</Project>